
Microsoft Visual Studio Solution File, Format Version 12.00
# Visual Studio Version 17
VisualStudioVersion = 17.7.34031.279
MinimumVisualStudioVersion = 10.0.40219.1
Project("{9A19103F-16F7-4668-BE54-9A1E7A4F7556}") = "GameModule", "Project\GameModule.csproj", "{3B60DC1A-6596-4B41-8689-69C0A79CFE0C}"
EndProject
Project("{9A19103F-16F7-4668-BE54-9A1E7A4F7556}") = "GameModuleDTO", "GameModuleDTO\GameModuleDTO.csproj", "{201A8C03-73B7-412D-9AA5-BBB4235DDC39}"
EndProject
Project("{FAE04EC0-301F-11D3-BF4B-00C04F79EFBC}") = "Utility", "..\Utility\Utility\Utility.csproj", "{58E9F41B-1DE9-46CD-BAD1-2B1748CD3731}"
EndProject
Global
	GlobalSection(SolutionConfigurationPlatforms) = preSolution
		Debug|Any CPU = Debug|Any CPU
		Release|Any CPU = Release|Any CPU
	EndGlobalSection
	GlobalSection(ProjectConfigurationPlatforms) = postSolution
		{3B60DC1A-6596-4B41-8689-69C0A79CFE0C}.Debug|Any CPU.ActiveCfg = Debug|Any CPU
		{3B60DC1A-6596-4B41-8689-69C0A79CFE0C}.Debug|Any CPU.Build.0 = Debug|Any CPU
		{3B60DC1A-6596-4B41-8689-69C0A79CFE0C}.Release|Any CPU.ActiveCfg = Release|Any CPU
		{3B60DC1A-6596-4B41-8689-69C0A79CFE0C}.Release|Any CPU.Build.0 = Release|Any CPU
		{201A8C03-73B7-412D-9AA5-BBB4235DDC39}.Debug|Any CPU.ActiveCfg = Debug|Any CPU
		{201A8C03-73B7-412D-9AA5-BBB4235DDC39}.Debug|Any CPU.Build.0 = Debug|Any CPU
		{201A8C03-73B7-412D-9AA5-BBB4235DDC39}.Release|Any CPU.ActiveCfg = Release|Any CPU
		{201A8C03-73B7-412D-9AA5-BBB4235DDC39}.Release|Any CPU.Build.0 = Release|Any CPU
		{18255eaa-a33f-4dae-9a6f-e6358a1dd6d9}.Debug|Any CPU.ActiveCfg = Debug|Any CPU
		{18255eaa-a33f-4dae-9a6f-e6358a1dd6d9}.Debug|Any CPU.Build.0 = Debug|Any CPU
		{18255eaa-a33f-4dae-9a6f-e6358a1dd6d9}.Release|Any CPU.ActiveCfg = Release|Any CPU
		{18255eaa-a33f-4dae-9a6f-e6358a1dd6d9}.Release|Any CPU.Build.0 = Release|Any CPU
		{56BEA030-CDC4-4A12-94F8-8C76B9C77DAE}.Debug|Any CPU.ActiveCfg = Debug|Any CPU
		{56BEA030-CDC4-4A12-94F8-8C76B9C77DAE}.Debug|Any CPU.Build.0 = Debug|Any CPU
		{56BEA030-CDC4-4A12-94F8-8C76B9C77DAE}.Release|Any CPU.ActiveCfg = Release|Any CPU
		{56BEA030-CDC4-4A12-94F8-8C76B9C77DAE}.Release|Any CPU.Build.0 = Release|Any CPU
		{58E9F41B-1DE9-46CD-BAD1-2B1748CD3731}.Debug|Any CPU.ActiveCfg = Debug|Any CPU
		{58E9F41B-1DE9-46CD-BAD1-2B1748CD3731}.Debug|Any CPU.Build.0 = Debug|Any CPU
		{58E9F41B-1DE9-46CD-BAD1-2B1748CD3731}.Release|Any CPU.ActiveCfg = Release|Any CPU
		{58E9F41B-1DE9-46CD-BAD1-2B1748CD3731}.Release|Any CPU.Build.0 = Release|Any CPU
	EndGlobalSection
	GlobalSection(SolutionProperties) = preSolution
		HideSolutionNode = FALSE
	EndGlobalSection
	GlobalSection(ExtensibilityGlobals) = postSolution
										SolutionGuid = {73F08B91-CC46-4FF7-8832-4C5C94770423}
	EndGlobalSection
EndGlobal
