
Microsoft Visual Studio Solution File, Format Version 12.00
# Visual Studio Version 17
VisualStudioVersion = 17.7.34031.279
MinimumVisualStudioVersion = 10.0.40219.1
Project("{9A19103F-16F7-4668-BE54-9A1E7A4F7556}") = "Utility", "Utility\Utility.csproj", "{18255EAA-A33F-4DAE-9A6F-E6358A1DD6D9}"
EndProject
Global
	GlobalSection(SolutionConfigurationPlatforms) = preSolution
		Debug|Any CPU = Debug|Any CPU
		Release|Any CPU = Release|Any CPU
	EndGlobalSection
	GlobalSection(ProjectConfigurationPlatforms) = postSolution
		{18255eaa-a33f-4dae-9a6f-e6358a1dd6d9}.Debug|Any CPU.ActiveCfg = Debug|Any CPU
		{18255eaa-a33f-4dae-9a6f-e6358a1dd6d9}.Debug|Any CPU.Build.0 = Debug|Any CPU
		{18255eaa-a33f-4dae-9a6f-e6358a1dd6d9}.Release|Any CPU.ActiveCfg = Release|Any CPU
		{18255eaa-a33f-4dae-9a6f-e6358a1dd6d9}.Release|Any CPU.Build.0 = Release|Any CPU
	EndGlobalSection
	GlobalSection(SolutionProperties) = preSolution
		HideSolutionNode = FALSE
	EndGlobalSection
	GlobalSection(ExtensibilityGlobals) = postSolution
										SolutionGuid = {73F08B91-CC46-4FF7-8832-4C5C94770423}
	EndGlobalSection
EndGlobal
