
Microsoft Visual Studio Solution File, Format Version 12.00
# Visual Studio Version 17
VisualStudioVersion = 17.0.31903.59
MinimumVisualStudioVersion = 10.0.40219.1
Project("{2150E333-8FDC-42A3-9474-1A3956D46DE8}") = "Deploy", "Deploy", "{A0000001-0000-0000-0000-000000000001}"
EndProject
Project("{2150E333-8FDC-42A3-9474-1A3956D46DE8}") = "Core", "Core", "{A0000001-0000-0000-0000-000000000002}"
EndProject
Project("{2150E333-8FDC-42A3-9474-1A3956D46DE8}") = "Host", "Host", "{A0000001-0000-0000-0000-000000000003}"
EndProject
Project("{2150E333-8FDC-42A3-9474-1A3956D46DE8}") = "Scaffold", "Scaffold", "{A0000003-0000-0000-0000-000000000001}"
EndProject
Project("{2150E333-8FDC-42A3-9474-1A3956D46DE8}") = "Ads", "Ads", "{A0000003-0000-0000-0000-000000000002}"
EndProject
Project("{2150E333-8FDC-42A3-9474-1A3956D46DE8}") = "DirectPush", "DirectPush", "{A0000003-0000-0000-0000-000000000003}"
EndProject
Project("{2150E333-8FDC-42A3-9474-1A3956D46DE8}") = "Game", "Game", "{A0000002-0000-0000-0000-000000000001}"
EndProject
Project("{FAE04EC0-301F-11D3-BF4B-00C04F79EFBC}") = "LiveOps.DTO", "Deploy\Core\LiveOps.DTO\LiveOps.DTO.csproj", "{22CD102E-5ED8-440C-8987-BBF7F701DF12}"
EndProject
Project("{FAE04EC0-301F-11D3-BF4B-00C04F79EFBC}") = "LiveOps.Core", "Deploy\Core\LiveOps.Core\LiveOps.Core.csproj", "{972F4CE2-781F-4D38-9774-542B361FD23B}"
EndProject
Project("{FAE04EC0-301F-11D3-BF4B-00C04F79EFBC}") = "Scaffold.LiveOps.Ads.DTO", "Scaffold\Ads.DTO\Scaffold.LiveOps.Ads.DTO.csproj", "{8066CB7B-4CD9-47DF-82DE-90E6299C46AF}"
EndProject
Project("{FAE04EC0-301F-11D3-BF4B-00C04F79EFBC}") = "Scaffold.LiveOps.DirectPush.DTO", "Scaffold\DirectPush.DTO\Scaffold.LiveOps.DirectPush.DTO.csproj", "{B471023B-9322-4B6F-A87D-C6B4AA0C5D94}"
EndProject
Project("{FAE04EC0-301F-11D3-BF4B-00C04F79EFBC}") = "Scaffold.LiveOps.Ads", "Scaffold\Ads\Scaffold.LiveOps.Ads.csproj", "{D79B086A-0BF1-4522-89D1-7BE832973B11}"
EndProject
Project("{FAE04EC0-301F-11D3-BF4B-00C04F79EFBC}") = "Scaffold.LiveOps.DirectPush", "Scaffold\DirectPush\Scaffold.LiveOps.DirectPush.csproj", "{6E0B71A7-49B9-4BD5-91C9-DB4131668419}"
EndProject
Project("{FAE04EC0-301F-11D3-BF4B-00C04F79EFBC}") = "LiveOps", "Deploy\LiveOps\LiveOps.csproj", "{F5486BC7-9B72-46A6-9C73-91BF2491C0A3}"
EndProject
Global
	GlobalSection(SolutionConfigurationPlatforms) = preSolution
		Debug|Any CPU = Debug|Any CPU
		Debug|x64 = Debug|x64
		Debug|x86 = Debug|x86
		Release|Any CPU = Release|Any CPU
		Release|x64 = Release|x64
		Release|x86 = Release|x86
	EndGlobalSection
	GlobalSection(ProjectConfigurationPlatforms) = postSolution
		{22CD102E-5ED8-440C-8987-BBF7F701DF12}.Debug|Any CPU.ActiveCfg = Debug|Any CPU
		{22CD102E-5ED8-440C-8987-BBF7F701DF12}.Debug|Any CPU.Build.0 = Debug|Any CPU
		{22CD102E-5ED8-440C-8987-BBF7F701DF12}.Debug|x64.ActiveCfg = Debug|Any CPU
		{22CD102E-5ED8-440C-8987-BBF7F701DF12}.Debug|x64.Build.0 = Debug|Any CPU
		{22CD102E-5ED8-440C-8987-BBF7F701DF12}.Debug|x86.ActiveCfg = Debug|Any CPU
		{22CD102E-5ED8-440C-8987-BBF7F701DF12}.Debug|x86.Build.0 = Debug|Any CPU
		{22CD102E-5ED8-440C-8987-BBF7F701DF12}.Release|Any CPU.ActiveCfg = Release|Any CPU
		{22CD102E-5ED8-440C-8987-BBF7F701DF12}.Release|Any CPU.Build.0 = Release|Any CPU
		{22CD102E-5ED8-440C-8987-BBF7F701DF12}.Release|x64.ActiveCfg = Release|Any CPU
		{22CD102E-5ED8-440C-8987-BBF7F701DF12}.Release|x64.Build.0 = Release|Any CPU
		{22CD102E-5ED8-440C-8987-BBF7F701DF12}.Release|x86.ActiveCfg = Release|Any CPU
		{22CD102E-5ED8-440C-8987-BBF7F701DF12}.Release|x86.Build.0 = Release|Any CPU
		{972F4CE2-781F-4D38-9774-542B361FD23B}.Debug|Any CPU.ActiveCfg = Debug|Any CPU
		{972F4CE2-781F-4D38-9774-542B361FD23B}.Debug|Any CPU.Build.0 = Debug|Any CPU
		{972F4CE2-781F-4D38-9774-542B361FD23B}.Debug|x64.ActiveCfg = Debug|Any CPU
		{972F4CE2-781F-4D38-9774-542B361FD23B}.Debug|x64.Build.0 = Debug|Any CPU
		{972F4CE2-781F-4D38-9774-542B361FD23B}.Debug|x86.ActiveCfg = Debug|Any CPU
		{972F4CE2-781F-4D38-9774-542B361FD23B}.Debug|x86.Build.0 = Debug|Any CPU
		{972F4CE2-781F-4D38-9774-542B361FD23B}.Release|Any CPU.ActiveCfg = Release|Any CPU
		{972F4CE2-781F-4D38-9774-542B361FD23B}.Release|Any CPU.Build.0 = Release|Any CPU
		{972F4CE2-781F-4D38-9774-542B361FD23B}.Release|x64.ActiveCfg = Release|Any CPU
		{972F4CE2-781F-4D38-9774-542B361FD23B}.Release|x64.Build.0 = Release|Any CPU
		{972F4CE2-781F-4D38-9774-542B361FD23B}.Release|x86.ActiveCfg = Release|Any CPU
		{972F4CE2-781F-4D38-9774-542B361FD23B}.Release|x86.Build.0 = Release|Any CPU
		{8066CB7B-4CD9-47DF-82DE-90E6299C46AF}.Debug|Any CPU.ActiveCfg = Debug|Any CPU
		{8066CB7B-4CD9-47DF-82DE-90E6299C46AF}.Debug|Any CPU.Build.0 = Debug|Any CPU
		{8066CB7B-4CD9-47DF-82DE-90E6299C46AF}.Debug|x64.ActiveCfg = Debug|Any CPU
		{8066CB7B-4CD9-47DF-82DE-90E6299C46AF}.Debug|x64.Build.0 = Debug|Any CPU
		{8066CB7B-4CD9-47DF-82DE-90E6299C46AF}.Debug|x86.ActiveCfg = Debug|Any CPU
		{8066CB7B-4CD9-47DF-82DE-90E6299C46AF}.Debug|x86.Build.0 = Debug|Any CPU
		{8066CB7B-4CD9-47DF-82DE-90E6299C46AF}.Release|Any CPU.ActiveCfg = Release|Any CPU
		{8066CB7B-4CD9-47DF-82DE-90E6299C46AF}.Release|Any CPU.Build.0 = Release|Any CPU
		{8066CB7B-4CD9-47DF-82DE-90E6299C46AF}.Release|x64.ActiveCfg = Release|Any CPU
		{8066CB7B-4CD9-47DF-82DE-90E6299C46AF}.Release|x64.Build.0 = Release|Any CPU
		{8066CB7B-4CD9-47DF-82DE-90E6299C46AF}.Release|x86.ActiveCfg = Release|Any CPU
		{8066CB7B-4CD9-47DF-82DE-90E6299C46AF}.Release|x86.Build.0 = Release|Any CPU
		{B471023B-9322-4B6F-A87D-C6B4AA0C5D94}.Debug|Any CPU.ActiveCfg = Debug|Any CPU
		{B471023B-9322-4B6F-A87D-C6B4AA0C5D94}.Debug|Any CPU.Build.0 = Debug|Any CPU
		{B471023B-9322-4B6F-A87D-C6B4AA0C5D94}.Debug|x64.ActiveCfg = Debug|Any CPU
		{B471023B-9322-4B6F-A87D-C6B4AA0C5D94}.Debug|x64.Build.0 = Debug|Any CPU
		{B471023B-9322-4B6F-A87D-C6B4AA0C5D94}.Debug|x86.ActiveCfg = Debug|Any CPU
		{B471023B-9322-4B6F-A87D-C6B4AA0C5D94}.Debug|x86.Build.0 = Debug|Any CPU
		{B471023B-9322-4B6F-A87D-C6B4AA0C5D94}.Release|Any CPU.ActiveCfg = Release|Any CPU
		{B471023B-9322-4B6F-A87D-C6B4AA0C5D94}.Release|Any CPU.Build.0 = Release|Any CPU
		{B471023B-9322-4B6F-A87D-C6B4AA0C5D94}.Release|x64.ActiveCfg = Release|Any CPU
		{B471023B-9322-4B6F-A87D-C6B4AA0C5D94}.Release|x64.Build.0 = Release|Any CPU
		{B471023B-9322-4B6F-A87D-C6B4AA0C5D94}.Release|x86.ActiveCfg = Release|Any CPU
		{B471023B-9322-4B6F-A87D-C6B4AA0C5D94}.Release|x86.Build.0 = Release|Any CPU
		{D79B086A-0BF1-4522-89D1-7BE832973B11}.Debug|Any CPU.ActiveCfg = Debug|Any CPU
		{D79B086A-0BF1-4522-89D1-7BE832973B11}.Debug|Any CPU.Build.0 = Debug|Any CPU
		{D79B086A-0BF1-4522-89D1-7BE832973B11}.Debug|x64.ActiveCfg = Debug|Any CPU
		{D79B086A-0BF1-4522-89D1-7BE832973B11}.Debug|x64.Build.0 = Debug|Any CPU
		{D79B086A-0BF1-4522-89D1-7BE832973B11}.Debug|x86.ActiveCfg = Debug|Any CPU
		{D79B086A-0BF1-4522-89D1-7BE832973B11}.Debug|x86.Build.0 = Debug|Any CPU
		{D79B086A-0BF1-4522-89D1-7BE832973B11}.Release|Any CPU.ActiveCfg = Release|Any CPU
		{D79B086A-0BF1-4522-89D1-7BE832973B11}.Release|Any CPU.Build.0 = Release|Any CPU
		{D79B086A-0BF1-4522-89D1-7BE832973B11}.Release|x64.ActiveCfg = Release|Any CPU
		{D79B086A-0BF1-4522-89D1-7BE832973B11}.Release|x64.Build.0 = Release|Any CPU
		{D79B086A-0BF1-4522-89D1-7BE832973B11}.Release|x86.ActiveCfg = Release|Any CPU
		{D79B086A-0BF1-4522-89D1-7BE832973B11}.Release|x86.Build.0 = Release|Any CPU
		{6E0B71A7-49B9-4BD5-91C9-DB4131668419}.Debug|Any CPU.ActiveCfg = Debug|Any CPU
		{6E0B71A7-49B9-4BD5-91C9-DB4131668419}.Debug|Any CPU.Build.0 = Debug|Any CPU
		{6E0B71A7-49B9-4BD5-91C9-DB4131668419}.Debug|x64.ActiveCfg = Debug|Any CPU
		{6E0B71A7-49B9-4BD5-91C9-DB4131668419}.Debug|x64.Build.0 = Debug|Any CPU
		{6E0B71A7-49B9-4BD5-91C9-DB4131668419}.Debug|x86.ActiveCfg = Debug|Any CPU
		{6E0B71A7-49B9-4BD5-91C9-DB4131668419}.Debug|x86.Build.0 = Debug|Any CPU
		{6E0B71A7-49B9-4BD5-91C9-DB4131668419}.Release|Any CPU.ActiveCfg = Release|Any CPU
		{6E0B71A7-49B9-4BD5-91C9-DB4131668419}.Release|Any CPU.Build.0 = Release|Any CPU
		{6E0B71A7-49B9-4BD5-91C9-DB4131668419}.Release|x64.ActiveCfg = Release|Any CPU
		{6E0B71A7-49B9-4BD5-91C9-DB4131668419}.Release|x64.Build.0 = Release|Any CPU
		{6E0B71A7-49B9-4BD5-91C9-DB4131668419}.Release|x86.ActiveCfg = Release|Any CPU
		{6E0B71A7-49B9-4BD5-91C9-DB4131668419}.Release|x86.Build.0 = Release|Any CPU
		{F5486BC7-9B72-46A6-9C73-91BF2491C0A3}.Debug|Any CPU.ActiveCfg = Debug|Any CPU
		{F5486BC7-9B72-46A6-9C73-91BF2491C0A3}.Debug|Any CPU.Build.0 = Debug|Any CPU
		{F5486BC7-9B72-46A6-9C73-91BF2491C0A3}.Debug|x64.ActiveCfg = Debug|Any CPU
		{F5486BC7-9B72-46A6-9C73-91BF2491C0A3}.Debug|x64.Build.0 = Debug|Any CPU
		{F5486BC7-9B72-46A6-9C73-91BF2491C0A3}.Debug|x86.ActiveCfg = Debug|Any CPU
		{F5486BC7-9B72-46A6-9C73-91BF2491C0A3}.Debug|x86.Build.0 = Debug|Any CPU
		{F5486BC7-9B72-46A6-9C73-91BF2491C0A3}.Release|Any CPU.ActiveCfg = Release|Any CPU
		{F5486BC7-9B72-46A6-9C73-91BF2491C0A3}.Release|Any CPU.Build.0 = Release|Any CPU
		{F5486BC7-9B72-46A6-9C73-91BF2491C0A3}.Release|x64.ActiveCfg = Release|Any CPU
		{F5486BC7-9B72-46A6-9C73-91BF2491C0A3}.Release|x64.Build.0 = Release|Any CPU
		{F5486BC7-9B72-46A6-9C73-91BF2491C0A3}.Release|x86.ActiveCfg = Release|Any CPU
		{F5486BC7-9B72-46A6-9C73-91BF2491C0A3}.Release|x86.Build.0 = Release|Any CPU
	EndGlobalSection
	GlobalSection(SolutionProperties) = preSolution
		HideSolutionNode = FALSE
	EndGlobalSection
	GlobalSection(NestedProjects) = preSolution
		{A0000001-0000-0000-0000-000000000002} = {A0000001-0000-0000-0000-000000000001}
		{A0000001-0000-0000-0000-000000000003} = {A0000001-0000-0000-0000-000000000001}
		{A0000003-0000-0000-0000-000000000002} = {A0000003-0000-0000-0000-000000000001}
		{A0000003-0000-0000-0000-000000000003} = {A0000003-0000-0000-0000-000000000001}
		{22CD102E-5ED8-440C-8987-BBF7F701DF12} = {A0000001-0000-0000-0000-000000000002}
		{972F4CE2-781F-4D38-9774-542B361FD23B} = {A0000001-0000-0000-0000-000000000002}
		{8066CB7B-4CD9-47DF-82DE-90E6299C46AF} = {A0000003-0000-0000-0000-000000000002}
		{D79B086A-0BF1-4522-89D1-7BE832973B11} = {A0000003-0000-0000-0000-000000000002}
		{B471023B-9322-4B6F-A87D-C6B4AA0C5D94} = {A0000003-0000-0000-0000-000000000003}
		{6E0B71A7-49B9-4BD5-91C9-DB4131668419} = {A0000003-0000-0000-0000-000000000003}
		{F5486BC7-9B72-46A6-9C73-91BF2491C0A3} = {A0000001-0000-0000-0000-000000000003}
	EndGlobalSection
EndGlobal
