
Microsoft Visual Studio Solution File, Format Version 12.00
# Visual Studio Version 17
VisualStudioVersion = 17.0.31903.59
MinimumVisualStudioVersion = 10.0.40219.1
# Cloud Code UGS deploy: same projects as LiveOps.sln but without LiveOps.Tests (keeps upload under the 10MB cap).
Project("{2150E333-8FDC-42A3-9474-1A3956D46DE8}") = "Deploy", "Deploy", "{6DEC682D-5F0D-1973-951C-0B9630672490}"
EndProject
Project("{2150E333-8FDC-42A3-9474-1A3956D46DE8}") = "Core", "Core", "{61D731D4-74BE-AD2B-9D40-0A42AE0DC262}"
EndProject
Project("{FAE04EC0-301F-11D3-BF4B-00C04F79EFBC}") = "LiveOps.DTO", "Deploy\Core\LiveOps.DTO\LiveOps.DTO.csproj", "{22CD102E-5ED8-440C-8987-BBF7F701DF12}"
EndProject
Project("{FAE04EC0-301F-11D3-BF4B-00C04F79EFBC}") = "LiveOps.Core", "Deploy\Core\LiveOps.Core\LiveOps.Core.csproj", "{972F4CE2-781F-4D38-9774-542B361FD23B}"
EndProject
Project("{FAE04EC0-301F-11D3-BF4B-00C04F79EFBC}") = "Scaffold.LiveOps.Gold.DTO", "Scaffold\Gold.DTO\Scaffold.LiveOps.Gold.DTO.csproj", "{4B4DBE37-EECE-45CF-9C41-2B0190055B1B}"
EndProject
Project("{FAE04EC0-301F-11D3-BF4B-00C04F79EFBC}") = "Scaffold.LiveOps.Ads.DTO", "Scaffold\Ads.DTO\Scaffold.LiveOps.Ads.DTO.csproj", "{8066CB7B-4CD9-47DF-82DE-90E6299C46AF}"
EndProject
Project("{FAE04EC0-301F-11D3-BF4B-00C04F79EFBC}") = "Scaffold.LiveOps.Level.DTO", "Scaffold\Level.DTO\Scaffold.LiveOps.Level.DTO.csproj", "{6094B2CF-3AE0-490E-889A-BB078E22F4E9}"
EndProject
Project("{FAE04EC0-301F-11D3-BF4B-00C04F79EFBC}") = "Scaffold.LiveOps.DirectPush.DTO", "Scaffold\DirectPush.DTO\Scaffold.LiveOps.DirectPush.DTO.csproj", "{B471023B-9322-4B6F-A87D-C6B4AA0C5D94}"
EndProject
Project("{FAE04EC0-301F-11D3-BF4B-00C04F79EFBC}") = "Scaffold.LiveOps.GameData.DTO", "Scaffold\GameData.DTO\Scaffold.LiveOps.GameData.DTO.csproj", "{08152E02-015B-4322-B1F1-EC11F6EA228D}"
EndProject
Project("{FAE04EC0-301F-11D3-BF4B-00C04F79EFBC}") = "Scaffold.LiveOps.Gold", "Scaffold\Gold\Scaffold.LiveOps.Gold.csproj", "{EEC758A6-B6BA-4B93-85B4-58C466FCE43B}"
EndProject
Project("{FAE04EC0-301F-11D3-BF4B-00C04F79EFBC}") = "Scaffold.LiveOps.Ads", "Scaffold\Ads\Scaffold.LiveOps.Ads.csproj", "{D79B086A-0BF1-4522-89D1-7BE832973B11}"
EndProject
Project("{FAE04EC0-301F-11D3-BF4B-00C04F79EFBC}") = "Scaffold.LiveOps.Level", "Scaffold\Level\Scaffold.LiveOps.Level.csproj", "{EFCB7888-90F1-4EBF-A506-1D78A2C445B4}"
EndProject
Project("{FAE04EC0-301F-11D3-BF4B-00C04F79EFBC}") = "Scaffold.LiveOps.DirectPush", "Scaffold\DirectPush\Scaffold.LiveOps.DirectPush.csproj", "{6E0B71A7-49B9-4BD5-91C9-DB4131668419}"
EndProject
Project("{FAE04EC0-301F-11D3-BF4B-00C04F79EFBC}") = "Scaffold.LiveOps.GameData", "Scaffold\GameData\Scaffold.LiveOps.GameData.csproj", "{3FEB71F8-D433-465D-B0F4-0036C8D6EFDE}"
EndProject
Project("{FAE04EC0-301F-11D3-BF4B-00C04F79EFBC}") = "LiveOps", "Deploy\LiveOps\LiveOps.csproj", "{F5486BC7-9B72-46A6-9C73-91BF2491C0A3}"
EndProject
Global
	GlobalSection(SolutionConfigurationPlatforms) = preSolution
		Debug|Any CPU = Debug|Any CPU
		Debug|x64 = Debug|x64
		Debug|x86 = Debug|x86
		Release|Any CPU = Release|Any CPU
		Release|x64 = Release|x64
		Release|x86 = Release|x86
	EndGlobalSection
	GlobalSection(ProjectConfigurationPlatforms) = postSolution
		{22CD102E-5ED8-440C-8987-BBF7F701DF12}.Debug|Any CPU.ActiveCfg = Debug|Any CPU
		{22CD102E-5ED8-440C-8987-BBF7F701DF12}.Debug|Any CPU.Build.0 = Debug|Any CPU
		{22CD102E-5ED8-440C-8987-BBF7F701DF12}.Debug|x64.ActiveCfg = Debug|Any CPU
		{22CD102E-5ED8-440C-8987-BBF7F701DF12}.Debug|x64.Build.0 = Debug|Any CPU
		{22CD102E-5ED8-440C-8987-BBF7F701DF12}.Debug|x86.ActiveCfg = Debug|Any CPU
		{22CD102E-5ED8-440C-8987-BBF7F701DF12}.Debug|x86.Build.0 = Debug|Any CPU
		{22CD102E-5ED8-440C-8987-BBF7F701DF12}.Release|Any CPU.ActiveCfg = Release|Any CPU
		{22CD102E-5ED8-440C-8987-BBF7F701DF12}.Release|Any CPU.Build.0 = Release|Any CPU
		{22CD102E-5ED8-440C-8987-BBF7F701DF12}.Release|x64.ActiveCfg = Release|Any CPU
		{22CD102E-5ED8-440C-8987-BBF7F701DF12}.Release|x64.Build.0 = Release|Any CPU
		{22CD102E-5ED8-440C-8987-BBF7F701DF12}.Release|x86.ActiveCfg = Release|Any CPU
		{22CD102E-5ED8-440C-8987-BBF7F701DF12}.Release|x86.Build.0 = Release|Any CPU
		{972F4CE2-781F-4D38-9774-542B361FD23B}.Debug|Any CPU.ActiveCfg = Debug|Any CPU
		{972F4CE2-781F-4D38-9774-542B361FD23B}.Debug|Any CPU.Build.0 = Debug|Any CPU
		{972F4CE2-781F-4D38-9774-542B361FD23B}.Debug|x64.ActiveCfg = Debug|Any CPU
		{972F4CE2-781F-4D38-9774-542B361FD23B}.Debug|x64.Build.0 = Debug|Any CPU
		{972F4CE2-781F-4D38-9774-542B361FD23B}.Debug|x86.ActiveCfg = Debug|Any CPU
		{972F4CE2-781F-4D38-9774-542B361FD23B}.Debug|x86.Build.0 = Debug|Any CPU
		{972F4CE2-781F-4D38-9774-542B361FD23B}.Release|Any CPU.ActiveCfg = Release|Any CPU
		{972F4CE2-781F-4D38-9774-542B361FD23B}.Release|Any CPU.Build.0 = Release|Any CPU
		{972F4CE2-781F-4D38-9774-542B361FD23B}.Release|x64.ActiveCfg = Release|Any CPU
		{972F4CE2-781F-4D38-9774-542B361FD23B}.Release|x64.Build.0 = Release|Any CPU
		{972F4CE2-781F-4D38-9774-542B361FD23B}.Release|x86.ActiveCfg = Release|Any CPU
		{972F4CE2-781F-4D38-9774-542B361FD23B}.Release|x86.Build.0 = Release|Any CPU
		{4B4DBE37-EECE-45CF-9C41-2B0190055B1B}.Debug|Any CPU.ActiveCfg = Debug|Any CPU
		{4B4DBE37-EECE-45CF-9C41-2B0190055B1B}.Debug|Any CPU.Build.0 = Debug|Any CPU
		{4B4DBE37-EECE-45CF-9C41-2B0190055B1B}.Debug|x64.ActiveCfg = Debug|Any CPU
		{4B4DBE37-EECE-45CF-9C41-2B0190055B1B}.Debug|x64.Build.0 = Debug|Any CPU
		{4B4DBE37-EECE-45CF-9C41-2B0190055B1B}.Debug|x86.ActiveCfg = Debug|Any CPU
		{4B4DBE37-EECE-45CF-9C41-2B0190055B1B}.Debug|x86.Build.0 = Debug|Any CPU
		{4B4DBE37-EECE-45CF-9C41-2B0190055B1B}.Release|Any CPU.ActiveCfg = Release|Any CPU
		{4B4DBE37-EECE-45CF-9C41-2B0190055B1B}.Release|Any CPU.Build.0 = Release|Any CPU
		{4B4DBE37-EECE-45CF-9C41-2B0190055B1B}.Release|x64.ActiveCfg = Release|Any CPU
		{4B4DBE37-EECE-45CF-9C41-2B0190055B1B}.Release|x64.Build.0 = Release|Any CPU
		{4B4DBE37-EECE-45CF-9C41-2B0190055B1B}.Release|x86.ActiveCfg = Release|Any CPU
		{4B4DBE37-EECE-45CF-9C41-2B0190055B1B}.Release|x86.Build.0 = Release|Any CPU
		{8066CB7B-4CD9-47DF-82DE-90E6299C46AF}.Debug|Any CPU.ActiveCfg = Debug|Any CPU
		{8066CB7B-4CD9-47DF-82DE-90E6299C46AF}.Debug|Any CPU.Build.0 = Debug|Any CPU
		{8066CB7B-4CD9-47DF-82DE-90E6299C46AF}.Debug|x64.ActiveCfg = Debug|Any CPU
		{8066CB7B-4CD9-47DF-82DE-90E6299C46AF}.Debug|x64.Build.0 = Debug|Any CPU
		{8066CB7B-4CD9-47DF-82DE-90E6299C46AF}.Debug|x86.ActiveCfg = Debug|Any CPU
		{8066CB7B-4CD9-47DF-82DE-90E6299C46AF}.Debug|x86.Build.0 = Debug|Any CPU
		{8066CB7B-4CD9-47DF-82DE-90E6299C46AF}.Release|Any CPU.ActiveCfg = Release|Any CPU
		{8066CB7B-4CD9-47DF-82DE-90E6299C46AF}.Release|Any CPU.Build.0 = Release|Any CPU
		{8066CB7B-4CD9-47DF-82DE-90E6299C46AF}.Release|x64.ActiveCfg = Release|Any CPU
		{8066CB7B-4CD9-47DF-82DE-90E6299C46AF}.Release|x64.Build.0 = Release|Any CPU
		{8066CB7B-4CD9-47DF-82DE-90E6299C46AF}.Release|x86.ActiveCfg = Release|Any CPU
		{8066CB7B-4CD9-47DF-82DE-90E6299C46AF}.Release|x86.Build.0 = Release|Any CPU
		{6094B2CF-3AE0-490E-889A-BB078E22F4E9}.Debug|Any CPU.ActiveCfg = Debug|Any CPU
		{6094B2CF-3AE0-490E-889A-BB078E22F4E9}.Debug|Any CPU.Build.0 = Debug|Any CPU
		{6094B2CF-3AE0-490E-889A-BB078E22F4E9}.Debug|x64.ActiveCfg = Debug|Any CPU
		{6094B2CF-3AE0-490E-889A-BB078E22F4E9}.Debug|x64.Build.0 = Debug|Any CPU
		{6094B2CF-3AE0-490E-889A-BB078E22F4E9}.Debug|x86.ActiveCfg = Debug|Any CPU
		{6094B2CF-3AE0-490E-889A-BB078E22F4E9}.Debug|x86.Build.0 = Debug|Any CPU
		{6094B2CF-3AE0-490E-889A-BB078E22F4E9}.Release|Any CPU.ActiveCfg = Release|Any CPU
		{6094B2CF-3AE0-490E-889A-BB078E22F4E9}.Release|Any CPU.Build.0 = Release|Any CPU
		{6094B2CF-3AE0-490E-889A-BB078E22F4E9}.Release|x64.ActiveCfg = Release|Any CPU
		{6094B2CF-3AE0-490E-889A-BB078E22F4E9}.Release|x64.Build.0 = Release|Any CPU
		{6094B2CF-3AE0-490E-889A-BB078E22F4E9}.Release|x86.ActiveCfg = Release|Any CPU
		{6094B2CF-3AE0-490E-889A-BB078E22F4E9}.Release|x86.Build.0 = Release|Any CPU
		{B471023B-9322-4B6F-A87D-C6B4AA0C5D94}.Debug|Any CPU.ActiveCfg = Debug|Any CPU
		{B471023B-9322-4B6F-A87D-C6B4AA0C5D94}.Debug|Any CPU.Build.0 = Debug|Any CPU
		{B471023B-9322-4B6F-A87D-C6B4AA0C5D94}.Debug|x64.ActiveCfg = Debug|Any CPU
		{B471023B-9322-4B6F-A87D-C6B4AA0C5D94}.Debug|x64.Build.0 = Debug|Any CPU
		{B471023B-9322-4B6F-A87D-C6B4AA0C5D94}.Debug|x86.ActiveCfg = Debug|Any CPU
		{B471023B-9322-4B6F-A87D-C6B4AA0C5D94}.Debug|x86.Build.0 = Debug|Any CPU
		{B471023B-9322-4B6F-A87D-C6B4AA0C5D94}.Release|Any CPU.ActiveCfg = Release|Any CPU
		{B471023B-9322-4B6F-A87D-C6B4AA0C5D94}.Release|Any CPU.Build.0 = Release|Any CPU
		{B471023B-9322-4B6F-A87D-C6B4AA0C5D94}.Release|x64.ActiveCfg = Release|Any CPU
		{B471023B-9322-4B6F-A87D-C6B4AA0C5D94}.Release|x64.Build.0 = Release|Any CPU
		{B471023B-9322-4B6F-A87D-C6B4AA0C5D94}.Release|x86.ActiveCfg = Release|Any CPU
		{B471023B-9322-4B6F-A87D-C6B4AA0C5D94}.Release|x86.Build.0 = Release|Any CPU
		{08152E02-015B-4322-B1F1-EC11F6EA228D}.Debug|Any CPU.ActiveCfg = Debug|Any CPU
		{08152E02-015B-4322-B1F1-EC11F6EA228D}.Debug|Any CPU.Build.0 = Debug|Any CPU
		{08152E02-015B-4322-B1F1-EC11F6EA228D}.Debug|x64.ActiveCfg = Debug|Any CPU
		{08152E02-015B-4322-B1F1-EC11F6EA228D}.Debug|x64.Build.0 = Debug|Any CPU
		{08152E02-015B-4322-B1F1-EC11F6EA228D}.Debug|x86.ActiveCfg = Debug|Any CPU
		{08152E02-015B-4322-B1F1-EC11F6EA228D}.Debug|x86.Build.0 = Debug|Any CPU
		{08152E02-015B-4322-B1F1-EC11F6EA228D}.Release|Any CPU.ActiveCfg = Release|Any CPU
		{08152E02-015B-4322-B1F1-EC11F6EA228D}.Release|Any CPU.Build.0 = Release|Any CPU
		{08152E02-015B-4322-B1F1-EC11F6EA228D}.Release|x64.ActiveCfg = Release|Any CPU
		{08152E02-015B-4322-B1F1-EC11F6EA228D}.Release|x64.Build.0 = Release|Any CPU
		{08152E02-015B-4322-B1F1-EC11F6EA228D}.Release|x86.ActiveCfg = Release|Any CPU
		{08152E02-015B-4322-B1F1-EC11F6EA228D}.Release|x86.Build.0 = Release|Any CPU
		{EEC758A6-B6BA-4B93-85B4-58C466FCE43B}.Debug|Any CPU.ActiveCfg = Debug|Any CPU
		{EEC758A6-B6BA-4B93-85B4-58C466FCE43B}.Debug|Any CPU.Build.0 = Debug|Any CPU
		{EEC758A6-B6BA-4B93-85B4-58C466FCE43B}.Debug|x64.ActiveCfg = Debug|Any CPU
		{EEC758A6-B6BA-4B93-85B4-58C466FCE43B}.Debug|x64.Build.0 = Debug|Any CPU
		{EEC758A6-B6BA-4B93-85B4-58C466FCE43B}.Debug|x86.ActiveCfg = Debug|Any CPU
		{EEC758A6-B6BA-4B93-85B4-58C466FCE43B}.Debug|x86.Build.0 = Debug|Any CPU
		{EEC758A6-B6BA-4B93-85B4-58C466FCE43B}.Release|Any CPU.ActiveCfg = Release|Any CPU
		{EEC758A6-B6BA-4B93-85B4-58C466FCE43B}.Release|Any CPU.Build.0 = Release|Any CPU
		{EEC758A6-B6BA-4B93-85B4-58C466FCE43B}.Release|x64.ActiveCfg = Release|Any CPU
		{EEC758A6-B6BA-4B93-85B4-58C466FCE43B}.Release|x64.Build.0 = Release|Any CPU
		{EEC758A6-B6BA-4B93-85B4-58C466FCE43B}.Release|x86.ActiveCfg = Release|Any CPU
		{EEC758A6-B6BA-4B93-85B4-58C466FCE43B}.Release|x86.Build.0 = Release|Any CPU
		{D79B086A-0BF1-4522-89D1-7BE832973B11}.Debug|Any CPU.ActiveCfg = Debug|Any CPU
		{D79B086A-0BF1-4522-89D1-7BE832973B11}.Debug|Any CPU.Build.0 = Debug|Any CPU
		{D79B086A-0BF1-4522-89D1-7BE832973B11}.Debug|x64.ActiveCfg = Debug|Any CPU
		{D79B086A-0BF1-4522-89D1-7BE832973B11}.Debug|x64.Build.0 = Debug|Any CPU
		{D79B086A-0BF1-4522-89D1-7BE832973B11}.Debug|x86.ActiveCfg = Debug|Any CPU
		{D79B086A-0BF1-4522-89D1-7BE832973B11}.Debug|x86.Build.0 = Debug|Any CPU
		{D79B086A-0BF1-4522-89D1-7BE832973B11}.Release|Any CPU.ActiveCfg = Release|Any CPU
		{D79B086A-0BF1-4522-89D1-7BE832973B11}.Release|Any CPU.Build.0 = Release|Any CPU
		{D79B086A-0BF1-4522-89D1-7BE832973B11}.Release|x64.ActiveCfg = Release|Any CPU
		{D79B086A-0BF1-4522-89D1-7BE832973B11}.Release|x64.Build.0 = Release|Any CPU
		{D79B086A-0BF1-4522-89D1-7BE832973B11}.Release|x86.ActiveCfg = Release|Any CPU
		{D79B086A-0BF1-4522-89D1-7BE832973B11}.Release|x86.Build.0 = Release|Any CPU
		{EFCB7888-90F1-4EBF-A506-1D78A2C445B4}.Debug|Any CPU.ActiveCfg = Debug|Any CPU
		{EFCB7888-90F1-4EBF-A506-1D78A2C445B4}.Debug|Any CPU.Build.0 = Debug|Any CPU
		{EFCB7888-90F1-4EBF-A506-1D78A2C445B4}.Debug|x64.ActiveCfg = Debug|Any CPU
		{EFCB7888-90F1-4EBF-A506-1D78A2C445B4}.Debug|x64.Build.0 = Debug|Any CPU
		{EFCB7888-90F1-4EBF-A506-1D78A2C445B4}.Debug|x86.ActiveCfg = Debug|Any CPU
		{EFCB7888-90F1-4EBF-A506-1D78A2C445B4}.Debug|x86.Build.0 = Debug|Any CPU
		{EFCB7888-90F1-4EBF-A506-1D78A2C445B4}.Release|Any CPU.ActiveCfg = Release|Any CPU
		{EFCB7888-90F1-4EBF-A506-1D78A2C445B4}.Release|Any CPU.Build.0 = Release|Any CPU
		{EFCB7888-90F1-4EBF-A506-1D78A2C445B4}.Release|x64.ActiveCfg = Release|Any CPU
		{EFCB7888-90F1-4EBF-A506-1D78A2C445B4}.Release|x64.Build.0 = Release|Any CPU
		{EFCB7888-90F1-4EBF-A506-1D78A2C445B4}.Release|x86.ActiveCfg = Release|Any CPU
		{EFCB7888-90F1-4EBF-A506-1D78A2C445B4}.Release|x86.Build.0 = Release|Any CPU
		{6E0B71A7-49B9-4BD5-91C9-DB4131668419}.Debug|Any CPU.ActiveCfg = Debug|Any CPU
		{6E0B71A7-49B9-4BD5-91C9-DB4131668419}.Debug|Any CPU.Build.0 = Debug|Any CPU
		{6E0B71A7-49B9-4BD5-91C9-DB4131668419}.Debug|x64.ActiveCfg = Debug|Any CPU
		{6E0B71A7-49B9-4BD5-91C9-DB4131668419}.Debug|x64.Build.0 = Debug|Any CPU
		{6E0B71A7-49B9-4BD5-91C9-DB4131668419}.Debug|x86.ActiveCfg = Debug|Any CPU
		{6E0B71A7-49B9-4BD5-91C9-DB4131668419}.Debug|x86.Build.0 = Debug|Any CPU
		{6E0B71A7-49B9-4BD5-91C9-DB4131668419}.Release|Any CPU.ActiveCfg = Release|Any CPU
		{6E0B71A7-49B9-4BD5-91C9-DB4131668419}.Release|Any CPU.Build.0 = Release|Any CPU
		{6E0B71A7-49B9-4BD5-91C9-DB4131668419}.Release|x64.ActiveCfg = Release|Any CPU
		{6E0B71A7-49B9-4BD5-91C9-DB4131668419}.Release|x64.Build.0 = Release|Any CPU
		{6E0B71A7-49B9-4BD5-91C9-DB4131668419}.Release|x86.ActiveCfg = Release|Any CPU
		{6E0B71A7-49B9-4BD5-91C9-DB4131668419}.Release|x86.Build.0 = Release|Any CPU
		{3FEB71F8-D433-465D-B0F4-0036C8D6EFDE}.Debug|Any CPU.ActiveCfg = Debug|Any CPU
		{3FEB71F8-D433-465D-B0F4-0036C8D6EFDE}.Debug|Any CPU.Build.0 = Debug|Any CPU
		{3FEB71F8-D433-465D-B0F4-0036C8D6EFDE}.Debug|x64.ActiveCfg = Debug|Any CPU
		{3FEB71F8-D433-465D-B0F4-0036C8D6EFDE}.Debug|x64.Build.0 = Debug|Any CPU
		{3FEB71F8-D433-465D-B0F4-0036C8D6EFDE}.Debug|x86.ActiveCfg = Debug|Any CPU
		{3FEB71F8-D433-465D-B0F4-0036C8D6EFDE}.Debug|x86.Build.0 = Debug|Any CPU
		{3FEB71F8-D433-465D-B0F4-0036C8D6EFDE}.Release|Any CPU.ActiveCfg = Release|Any CPU
		{3FEB71F8-D433-465D-B0F4-0036C8D6EFDE}.Release|Any CPU.Build.0 = Release|Any CPU
		{3FEB71F8-D433-465D-B0F4-0036C8D6EFDE}.Release|x64.ActiveCfg = Release|Any CPU
		{3FEB71F8-D433-465D-B0F4-0036C8D6EFDE}.Release|x64.Build.0 = Release|Any CPU
		{3FEB71F8-D433-465D-B0F4-0036C8D6EFDE}.Release|x86.ActiveCfg = Release|Any CPU
		{3FEB71F8-D433-465D-B0F4-0036C8D6EFDE}.Release|x86.Build.0 = Release|Any CPU
		{F5486BC7-9B72-46A6-9C73-91BF2491C0A3}.Debug|Any CPU.ActiveCfg = Debug|Any CPU
		{F5486BC7-9B72-46A6-9C73-91BF2491C0A3}.Debug|Any CPU.Build.0 = Debug|Any CPU
		{F5486BC7-9B72-46A6-9C73-91BF2491C0A3}.Debug|x64.ActiveCfg = Debug|Any CPU
		{F5486BC7-9B72-46A6-9C73-91BF2491C0A3}.Debug|x64.Build.0 = Debug|Any CPU
		{F5486BC7-9B72-46A6-9C73-91BF2491C0A3}.Debug|x86.ActiveCfg = Debug|Any CPU
		{F5486BC7-9B72-46A6-9C73-91BF2491C0A3}.Debug|x86.Build.0 = Debug|Any CPU
		{F5486BC7-9B72-46A6-9C73-91BF2491C0A3}.Release|Any CPU.ActiveCfg = Release|Any CPU
		{F5486BC7-9B72-46A6-9C73-91BF2491C0A3}.Release|Any CPU.Build.0 = Release|Any CPU
		{F5486BC7-9B72-46A6-9C73-91BF2491C0A3}.Release|x64.ActiveCfg = Release|Any CPU
		{F5486BC7-9B72-46A6-9C73-91BF2491C0A3}.Release|x64.Build.0 = Release|Any CPU
		{F5486BC7-9B72-46A6-9C73-91BF2491C0A3}.Release|x86.ActiveCfg = Release|Any CPU
		{F5486BC7-9B72-46A6-9C73-91BF2491C0A3}.Release|x86.Build.0 = Release|Any CPU
	EndGlobalSection
	GlobalSection(SolutionProperties) = preSolution
		HideSolutionNode = FALSE
	EndGlobalSection
	GlobalSection(NestedProjects) = preSolution
		{61D731D4-74BE-AD2B-9D40-0A42AE0DC262} = {6DEC682D-5F0D-1973-951C-0B9630672490}
		{22CD102E-5ED8-440C-8987-BBF7F701DF12} = {61D731D4-74BE-AD2B-9D40-0A42AE0DC262}
		{972F4CE2-781F-4D38-9774-542B361FD23B} = {61D731D4-74BE-AD2B-9D40-0A42AE0DC262}
		{4B4DBE37-EECE-45CF-9C41-2B0190055B1B} = {61D731D4-74BE-AD2B-9D40-0A42AE0DC262}
		{8066CB7B-4CD9-47DF-82DE-90E6299C46AF} = {61D731D4-74BE-AD2B-9D40-0A42AE0DC262}
		{6094B2CF-3AE0-490E-889A-BB078E22F4E9} = {61D731D4-74BE-AD2B-9D40-0A42AE0DC262}
		{B471023B-9322-4B6F-A87D-C6B4AA0C5D94} = {61D731D4-74BE-AD2B-9D40-0A42AE0DC262}
		{08152E02-015B-4322-B1F1-EC11F6EA228D} = {61D731D4-74BE-AD2B-9D40-0A42AE0DC262}
		{EEC758A6-B6BA-4B93-85B4-58C466FCE43B} = {61D731D4-74BE-AD2B-9D40-0A42AE0DC262}
		{D79B086A-0BF1-4522-89D1-7BE832973B11} = {61D731D4-74BE-AD2B-9D40-0A42AE0DC262}
		{EFCB7888-90F1-4EBF-A506-1D78A2C445B4} = {61D731D4-74BE-AD2B-9D40-0A42AE0DC262}
		{6E0B71A7-49B9-4BD5-91C9-DB4131668419} = {61D731D4-74BE-AD2B-9D40-0A42AE0DC262}
		{3FEB71F8-D433-465D-B0F4-0036C8D6EFDE} = {61D731D4-74BE-AD2B-9D40-0A42AE0DC262}
		{F5486BC7-9B72-46A6-9C73-91BF2491C0A3} = {61D731D4-74BE-AD2B-9D40-0A42AE0DC262}
	EndGlobalSection
EndGlobal
